// !$*UTF8*$!
{
	archiveVersion = 1;
	classes = {
	};
	objectVersion = 50;
	objects = {

/* Begin PBXBuildFile section */
		3C178BDF230B328200059EF2 /* Storage.swift in Sources */ = {isa = PBXBuildFile; fileRef = 3C178BDE230B328200059EF2 /* Storage.swift */; };
		3CE8B58022D78EA100274ECB /* AppDelegate.swift in Sources */ = {isa = PBXBuildFile; fileRef = 3CE8B57F22D78EA100274ECB /* AppDelegate.swift */; };
		3CE8B58222D78EA100274ECB /* FriendViewController.swift in Sources */ = {isa = PBXBuildFile; fileRef = 3CE8B58122D78EA100274ECB /* FriendViewController.swift */; };
		3CE8B58522D78EA100274ECB /* Main.storyboard in Resources */ = {isa = PBXBuildFile; fileRef = 3CE8B58322D78EA100274ECB /* Main.storyboard */; };
		3CE8B58A22D78EA300274ECB /* LaunchScreen.storyboard in Resources */ = {isa = PBXBuildFile; fileRef = 3CE8B58822D78EA300274ECB /* LaunchScreen.storyboard */; };
		3CE8B59522D78EA300274ECB /* InTouchTests.swift in Sources */ = {isa = PBXBuildFile; fileRef = 3CE8B59422D78EA300274ECB /* InTouchTests.swift */; };
		3CE8B5A022D78EA300274ECB /* InTouchUITests.swift in Sources */ = {isa = PBXBuildFile; fileRef = 3CE8B59F22D78EA300274ECB /* InTouchUITests.swift */; };
		3CE8B5B122D7AAE400274ECB /* Assets.xcassets in Resources */ = {isa = PBXBuildFile; fileRef = 3CE8B5B022D7AAE400274ECB /* Assets.xcassets */; };
		3CE8B5B322D7F0AC00274ECB /* RatingControl.swift in Sources */ = {isa = PBXBuildFile; fileRef = 3CE8B5B222D7F0AC00274ECB /* RatingControl.swift */; };
		3CE8B5B522D8D5F700274ECB /* Friend.swift in Sources */ = {isa = PBXBuildFile; fileRef = 3CE8B5B422D8D5F700274ECB /* Friend.swift */; };
		3CE8B5B722D8E0AF00274ECB /* FriendTableViewCell.swift in Sources */ = {isa = PBXBuildFile; fileRef = 3CE8B5B622D8E0AE00274ECB /* FriendTableViewCell.swift */; };
		3CE8B5B922D8EA2700274ECB /* FriendTableViewController.swift in Sources */ = {isa = PBXBuildFile; fileRef = 3CE8B5B822D8EA2600274ECB /* FriendTableViewController.swift */; };
		3CE8B5BB22DA14CD00274ECB /* FriendDetailViewController.swift in Sources */ = {isa = PBXBuildFile; fileRef = 3CE8B5BA22DA14CD00274ECB /* FriendDetailViewController.swift */; };
		3CE8B5BD22E93A9800274ECB /* NoteTableViewCell.swift in Sources */ = {isa = PBXBuildFile; fileRef = 3CE8B5BC22E93A9800274ECB /* NoteTableViewCell.swift */; };
		3CE8B5C122EA15E800274ECB /* NotificationViewController.swift in Sources */ = {isa = PBXBuildFile; fileRef = 3CE8B5C022EA15E800274ECB /* NotificationViewController.swift */; };
		3CE8B5C522FA8EF700274ECB /* NewNoteViewController.swift in Sources */ = {isa = PBXBuildFile; fileRef = 3CE8B5C422FA8EF600274ECB /* NewNoteViewController.swift */; };
		3CE8B5C722FC8C8E00274ECB /* EmbedNoteTableViewController.swift in Sources */ = {isa = PBXBuildFile; fileRef = 3CE8B5C622FC8C8E00274ECB /* EmbedNoteTableViewController.swift */; };
		3CE8B5C922FC932B00274ECB /* RemindTableViewController.swift in Sources */ = {isa = PBXBuildFile; fileRef = 3CE8B5C822FC932B00274ECB /* RemindTableViewController.swift */; };
/* End PBXBuildFile section */

/* Begin PBXContainerItemProxy section */
		3CE8B59122D78EA300274ECB /* PBXContainerItemProxy */ = {
			isa = PBXContainerItemProxy;
			containerPortal = 3CE8B57422D78EA100274ECB /* Project object */;
			proxyType = 1;
			remoteGlobalIDString = 3CE8B57B22D78EA100274ECB;
			remoteInfo = InTouch;
		};
		3CE8B59C22D78EA300274ECB /* PBXContainerItemProxy */ = {
			isa = PBXContainerItemProxy;
			containerPortal = 3CE8B57422D78EA100274ECB /* Project object */;
			proxyType = 1;
			remoteGlobalIDString = 3CE8B57B22D78EA100274ECB;
			remoteInfo = InTouch;
		};
/* End PBXContainerItemProxy section */

/* Begin PBXFileReference section */
		3C178BDE230B328200059EF2 /* Storage.swift */ = {isa = PBXFileReference; lastKnownFileType = sourcecode.swift; path = Storage.swift; sourceTree = "<group>"; };
		3CE8B57C22D78EA100274ECB /* InTouch.app */ = {isa = PBXFileReference; explicitFileType = wrapper.application; includeInIndex = 0; path = InTouch.app; sourceTree = BUILT_PRODUCTS_DIR; };
		3CE8B57F22D78EA100274ECB /* AppDelegate.swift */ = {isa = PBXFileReference; lastKnownFileType = sourcecode.swift; path = AppDelegate.swift; sourceTree = "<group>"; };
		3CE8B58122D78EA100274ECB /* FriendViewController.swift */ = {isa = PBXFileReference; lastKnownFileType = sourcecode.swift; path = FriendViewController.swift; sourceTree = "<group>"; };
		3CE8B58422D78EA100274ECB /* Base */ = {isa = PBXFileReference; lastKnownFileType = file.storyboard; name = Base; path = Base.lproj/Main.storyboard; sourceTree = "<group>"; };
		3CE8B58922D78EA300274ECB /* Base */ = {isa = PBXFileReference; lastKnownFileType = file.storyboard; name = Base; path = Base.lproj/LaunchScreen.storyboard; sourceTree = "<group>"; };
		3CE8B58B22D78EA300274ECB /* Info.plist */ = {isa = PBXFileReference; lastKnownFileType = text.plist.xml; path = Info.plist; sourceTree = "<group>"; };
		3CE8B59022D78EA300274ECB /* InTouchTests.xctest */ = {isa = PBXFileReference; explicitFileType = wrapper.cfbundle; includeInIndex = 0; path = InTouchTests.xctest; sourceTree = BUILT_PRODUCTS_DIR; };
		3CE8B59422D78EA300274ECB /* InTouchTests.swift */ = {isa = PBXFileReference; lastKnownFileType = sourcecode.swift; path = InTouchTests.swift; sourceTree = "<group>"; };
		3CE8B59622D78EA300274ECB /* Info.plist */ = {isa = PBXFileReference; lastKnownFileType = text.plist.xml; path = Info.plist; sourceTree = "<group>"; };
		3CE8B59B22D78EA300274ECB /* InTouchUITests.xctest */ = {isa = PBXFileReference; explicitFileType = wrapper.cfbundle; includeInIndex = 0; path = InTouchUITests.xctest; sourceTree = BUILT_PRODUCTS_DIR; };
		3CE8B59F22D78EA300274ECB /* InTouchUITests.swift */ = {isa = PBXFileReference; lastKnownFileType = sourcecode.swift; path = InTouchUITests.swift; sourceTree = "<group>"; };
		3CE8B5A122D78EA300274ECB /* Info.plist */ = {isa = PBXFileReference; lastKnownFileType = text.plist.xml; path = Info.plist; sourceTree = "<group>"; };
		3CE8B5B022D7AAE400274ECB /* Assets.xcassets */ = {isa = PBXFileReference; lastKnownFileType = folder.assetcatalog; path = Assets.xcassets; sourceTree = "<group>"; };
		3CE8B5B222D7F0AC00274ECB /* RatingControl.swift */ = {isa = PBXFileReference; lastKnownFileType = sourcecode.swift; name = RatingControl.swift; path = ../RatingControl.swift; sourceTree = "<group>"; };
		3CE8B5B422D8D5F700274ECB /* Friend.swift */ = {isa = PBXFileReference; lastKnownFileType = sourcecode.swift; path = Friend.swift; sourceTree = "<group>"; };
		3CE8B5B622D8E0AE00274ECB /* FriendTableViewCell.swift */ = {isa = PBXFileReference; lastKnownFileType = sourcecode.swift; path = FriendTableViewCell.swift; sourceTree = "<group>"; };
		3CE8B5B822D8EA2600274ECB /* FriendTableViewController.swift */ = {isa = PBXFileReference; lastKnownFileType = sourcecode.swift; path = FriendTableViewController.swift; sourceTree = "<group>"; };
		3CE8B5BA22DA14CD00274ECB /* FriendDetailViewController.swift */ = {isa = PBXFileReference; lastKnownFileType = sourcecode.swift; path = FriendDetailViewController.swift; sourceTree = "<group>"; };
		3CE8B5BC22E93A9800274ECB /* NoteTableViewCell.swift */ = {isa = PBXFileReference; lastKnownFileType = sourcecode.swift; path = NoteTableViewCell.swift; sourceTree = "<group>"; };
		3CE8B5C022EA15E800274ECB /* NotificationViewController.swift */ = {isa = PBXFileReference; lastKnownFileType = sourcecode.swift; path = NotificationViewController.swift; sourceTree = "<group>"; };
		3CE8B5C422FA8EF600274ECB /* NewNoteViewController.swift */ = {isa = PBXFileReference; lastKnownFileType = sourcecode.swift; path = NewNoteViewController.swift; sourceTree = "<group>"; };
		3CE8B5C622FC8C8E00274ECB /* EmbedNoteTableViewController.swift */ = {isa = PBXFileReference; lastKnownFileType = sourcecode.swift; path = EmbedNoteTableViewController.swift; sourceTree = "<group>"; };
		3CE8B5C822FC932B00274ECB /* RemindTableViewController.swift */ = {isa = PBXFileReference; fileEncoding = 4; lastKnownFileType = sourcecode.swift; path = RemindTableViewController.swift; sourceTree = "<group>"; };
/* End PBXFileReference section */

/* Begin PBXFrameworksBuildPhase section */
		3CE8B57922D78EA100274ECB /* Frameworks */ = {
			isa = PBXFrameworksBuildPhase;
			buildActionMask = 2147483647;
			files = (
			);
			runOnlyForDeploymentPostprocessing = 0;
		};
		3CE8B58D22D78EA300274ECB /* Frameworks */ = {
			isa = PBXFrameworksBuildPhase;
			buildActionMask = 2147483647;
			files = (
			);
			runOnlyForDeploymentPostprocessing = 0;
		};
		3CE8B59822D78EA300274ECB /* Frameworks */ = {
			isa = PBXFrameworksBuildPhase;
			buildActionMask = 2147483647;
			files = (
			);
			runOnlyForDeploymentPostprocessing = 0;
		};
/* End PBXFrameworksBuildPhase section */

/* Begin PBXGroup section */
		3CE8B57322D78EA100274ECB = {
			isa = PBXGroup;
			children = (
				3CE8B57E22D78EA100274ECB /* InTouch */,
				3CE8B59322D78EA300274ECB /* InTouchTests */,
				3CE8B59E22D78EA300274ECB /* InTouchUITests */,
				3CE8B57D22D78EA100274ECB /* Products */,
			);
			sourceTree = "<group>";
		};
		3CE8B57D22D78EA100274ECB /* Products */ = {
			isa = PBXGroup;
			children = (
				3CE8B57C22D78EA100274ECB /* InTouch.app */,
				3CE8B59022D78EA300274ECB /* InTouchTests.xctest */,
				3CE8B59B22D78EA300274ECB /* InTouchUITests.xctest */,
			);
			name = Products;
			sourceTree = "<group>";
		};
		3CE8B57E22D78EA100274ECB /* InTouch */ = {
			isa = PBXGroup;
			children = (
				3CE8B5B022D7AAE400274ECB /* Assets.xcassets */,
				3CE8B57F22D78EA100274ECB /* AppDelegate.swift */,
				3CE8B5B222D7F0AC00274ECB /* RatingControl.swift */,
				3CE8B58122D78EA100274ECB /* FriendViewController.swift */,
				3CE8B58322D78EA100274ECB /* Main.storyboard */,
				3CE8B5C422FA8EF600274ECB /* NewNoteViewController.swift */,
				3CE8B5BC22E93A9800274ECB /* NoteTableViewCell.swift */,
				3CE8B5B822D8EA2600274ECB /* FriendTableViewController.swift */,
				3C178BDE230B328200059EF2 /* Storage.swift */,
				3CE8B5C622FC8C8E00274ECB /* EmbedNoteTableViewController.swift */,
				3CE8B5BA22DA14CD00274ECB /* FriendDetailViewController.swift */,
				3CE8B5C822FC932B00274ECB /* RemindTableViewController.swift */,
				3CE8B5C022EA15E800274ECB /* NotificationViewController.swift */,
				3CE8B5B622D8E0AE00274ECB /* FriendTableViewCell.swift */,
				3CE8B5B422D8D5F700274ECB /* Friend.swift */,
				3CE8B58822D78EA300274ECB /* LaunchScreen.storyboard */,
				3CE8B58B22D78EA300274ECB /* Info.plist */,
			);
			path = InTouch;
			sourceTree = "<group>";
		};
		3CE8B59322D78EA300274ECB /* InTouchTests */ = {
			isa = PBXGroup;
			children = (
				3CE8B59422D78EA300274ECB /* InTouchTests.swift */,
				3CE8B59622D78EA300274ECB /* Info.plist */,
			);
			path = InTouchTests;
			sourceTree = "<group>";
		};
		3CE8B59E22D78EA300274ECB /* InTouchUITests */ = {
			isa = PBXGroup;
			children = (
				3CE8B59F22D78EA300274ECB /* InTouchUITests.swift */,
				3CE8B5A122D78EA300274ECB /* Info.plist */,
			);
			path = InTouchUITests;
			sourceTree = "<group>";
		};
/* End PBXGroup section */

/* Begin PBXNativeTarget section */
		3CE8B57B22D78EA100274ECB /* InTouch */ = {
			isa = PBXNativeTarget;
			buildConfigurationList = 3CE8B5A422D78EA300274ECB /* Build configuration list for PBXNativeTarget "InTouch" */;
			buildPhases = (
				3CE8B57822D78EA100274ECB /* Sources */,
				3CE8B57922D78EA100274ECB /* Frameworks */,
				3CE8B57A22D78EA100274ECB /* Resources */,
			);
			buildRules = (
			);
			dependencies = (
			);
			name = InTouch;
			productName = InTouch;
			productReference = 3CE8B57C22D78EA100274ECB /* InTouch.app */;
			productType = "com.apple.product-type.application";
		};
		3CE8B58F22D78EA300274ECB /* InTouchTests */ = {
			isa = PBXNativeTarget;
			buildConfigurationList = 3CE8B5A722D78EA300274ECB /* Build configuration list for PBXNativeTarget "InTouchTests" */;
			buildPhases = (
				3CE8B58C22D78EA300274ECB /* Sources */,
				3CE8B58D22D78EA300274ECB /* Frameworks */,
				3CE8B58E22D78EA300274ECB /* Resources */,
			);
			buildRules = (
			);
			dependencies = (
				3CE8B59222D78EA300274ECB /* PBXTargetDependency */,
			);
			name = InTouchTests;
			productName = InTouchTests;
			productReference = 3CE8B59022D78EA300274ECB /* InTouchTests.xctest */;
			productType = "com.apple.product-type.bundle.unit-test";
		};
		3CE8B59A22D78EA300274ECB /* InTouchUITests */ = {
			isa = PBXNativeTarget;
			buildConfigurationList = 3CE8B5AA22D78EA300274ECB /* Build configuration list for PBXNativeTarget "InTouchUITests" */;
			buildPhases = (
				3CE8B59722D78EA300274ECB /* Sources */,
				3CE8B59822D78EA300274ECB /* Frameworks */,
				3CE8B59922D78EA300274ECB /* Resources */,
			);
			buildRules = (
			);
			dependencies = (
				3CE8B59D22D78EA300274ECB /* PBXTargetDependency */,
			);
			name = InTouchUITests;
			productName = InTouchUITests;
			productReference = 3CE8B59B22D78EA300274ECB /* InTouchUITests.xctest */;
			productType = "com.apple.product-type.bundle.ui-testing";
		};
/* End PBXNativeTarget section */

/* Begin PBXProject section */
		3CE8B57422D78EA100274ECB /* Project object */ = {
			isa = PBXProject;
			attributes = {
				LastSwiftUpdateCheck = 1020;
				LastUpgradeCheck = 1020;
				ORGANIZATIONNAME = "Yunfan Xing";
				TargetAttributes = {
					3CE8B57B22D78EA100274ECB = {
						CreatedOnToolsVersion = 10.2.1;
					};
					3CE8B58F22D78EA300274ECB = {
						CreatedOnToolsVersion = 10.2.1;
						TestTargetID = 3CE8B57B22D78EA100274ECB;
					};
					3CE8B59A22D78EA300274ECB = {
						CreatedOnToolsVersion = 10.2.1;
						TestTargetID = 3CE8B57B22D78EA100274ECB;
					};
				};
			};
			buildConfigurationList = 3CE8B57722D78EA100274ECB /* Build configuration list for PBXProject "InTouch" */;
			compatibilityVersion = "Xcode 9.3";
			developmentRegion = en;
			hasScannedForEncodings = 0;
			knownRegions = (
				en,
				Base,
			);
			mainGroup = 3CE8B57322D78EA100274ECB;
			productRefGroup = 3CE8B57D22D78EA100274ECB /* Products */;
			projectDirPath = "";
			projectRoot = "";
			targets = (
				3CE8B57B22D78EA100274ECB /* InTouch */,
				3CE8B58F22D78EA300274ECB /* InTouchTests */,
				3CE8B59A22D78EA300274ECB /* InTouchUITests */,
			);
		};
/* End PBXProject section */

/* Begin PBXResourcesBuildPhase section */
		3CE8B57A22D78EA100274ECB /* Resources */ = {
			isa = PBXResourcesBuildPhase;
			buildActionMask = 2147483647;
			files = (
				3CE8B58A22D78EA300274ECB /* LaunchScreen.storyboard in Resources */,
				3CE8B5B122D7AAE400274ECB /* Assets.xcassets in Resources */,
				3CE8B58522D78EA100274ECB /* Main.storyboard in Resources */,
			);
			runOnlyForDeploymentPostprocessing = 0;
		};
		3CE8B58E22D78EA300274ECB /* Resources */ = {
			isa = PBXResourcesBuildPhase;
			buildActionMask = 2147483647;
			files = (
			);
			runOnlyForDeploymentPostprocessing = 0;
		};
		3CE8B59922D78EA300274ECB /* Resources */ = {
			isa = PBXResourcesBuildPhase;
			buildActionMask = 2147483647;
			files = (
			);
			runOnlyForDeploymentPostprocessing = 0;
		};
/* End PBXResourcesBuildPhase section */

/* Begin PBXSourcesBuildPhase section */
		3CE8B57822D78EA100274ECB /* Sources */ = {
			isa = PBXSourcesBuildPhase;
			buildActionMask = 2147483647;
			files = (
				3CE8B58222D78EA100274ECB /* FriendViewController.swift in Sources */,
				3CE8B5B322D7F0AC00274ECB /* RatingControl.swift in Sources */,
				3CE8B5B722D8E0AF00274ECB /* FriendTableViewCell.swift in Sources */,
				3CE8B5BD22E93A9800274ECB /* NoteTableViewCell.swift in Sources */,
				3CE8B58022D78EA100274ECB /* AppDelegate.swift in Sources */,
				3CE8B5C122EA15E800274ECB /* NotificationViewController.swift in Sources */,
				3CE8B5B522D8D5F700274ECB /* Friend.swift in Sources */,
				3CE8B5C522FA8EF700274ECB /* NewNoteViewController.swift in Sources */,
				3CE8B5B922D8EA2700274ECB /* FriendTableViewController.swift in Sources */,
				3CE8B5BB22DA14CD00274ECB /* FriendDetailViewController.swift in Sources */,
				3CE8B5C722FC8C8E00274ECB /* EmbedNoteTableViewController.swift in Sources */,
				3CE8B5C922FC932B00274ECB /* RemindTableViewController.swift in Sources */,
				3C178BDF230B328200059EF2 /* Storage.swift in Sources */,
			);
			runOnlyForDeploymentPostprocessing = 0;
		};
		3CE8B58C22D78EA300274ECB /* Sources */ = {
			isa = PBXSourcesBuildPhase;
			buildActionMask = 2147483647;
			files = (
				3CE8B59522D78EA300274ECB /* InTouchTests.swift in Sources */,
			);
			runOnlyForDeploymentPostprocessing = 0;
		};
		3CE8B59722D78EA300274ECB /* Sources */ = {
			isa = PBXSourcesBuildPhase;
			buildActionMask = 2147483647;
			files = (
				3CE8B5A022D78EA300274ECB /* InTouchUITests.swift in Sources */,
			);
			runOnlyForDeploymentPostprocessing = 0;
		};
/* End PBXSourcesBuildPhase section */

/* Begin PBXTargetDependency section */
		3CE8B59222D78EA300274ECB /* PBXTargetDependency */ = {
			isa = PBXTargetDependency;
			target = 3CE8B57B22D78EA100274ECB /* InTouch */;
			targetProxy = 3CE8B59122D78EA300274ECB /* PBXContainerItemProxy */;
		};
		3CE8B59D22D78EA300274ECB /* PBXTargetDependency */ = {
			isa = PBXTargetDependency;
			target = 3CE8B57B22D78EA100274ECB /* InTouch */;
			targetProxy = 3CE8B59C22D78EA300274ECB /* PBXContainerItemProxy */;
		};
/* End PBXTargetDependency section */

/* Begin PBXVariantGroup section */
		3CE8B58322D78EA100274ECB /* Main.storyboard */ = {
			isa = PBXVariantGroup;
			children = (
				3CE8B58422D78EA100274ECB /* Base */,
			);
			name = Main.storyboard;
			sourceTree = "<group>";
		};
		3CE8B58822D78EA300274ECB /* LaunchScreen.storyboard */ = {
			isa = PBXVariantGroup;
			children = (
				3CE8B58922D78EA300274ECB /* Base */,
			);
			name = LaunchScreen.storyboard;
			sourceTree = "<group>";
		};
/* End PBXVariantGroup section */

/* Begin XCBuildConfiguration section */
		3CE8B5A222D78EA300274ECB /* Debug */ = {
			isa = XCBuildConfiguration;
			buildSettings = {
				ALWAYS_SEARCH_USER_PATHS = NO;
				CLANG_ANALYZER_NONNULL = YES;
				CLANG_ANALYZER_NUMBER_OBJECT_CONVERSION = YES_AGGRESSIVE;
				CLANG_CXX_LANGUAGE_STANDARD = "gnu++14";
				CLANG_CXX_LIBRARY = "libc++";
				CLANG_ENABLE_MODULES = YES;
				CLANG_ENABLE_OBJC_ARC = YES;
				CLANG_ENABLE_OBJC_WEAK = YES;
				CLANG_WARN_BLOCK_CAPTURE_AUTORELEASING = YES;
				CLANG_WARN_BOOL_CONVERSION = YES;
				CLANG_WARN_COMMA = YES;
				CLANG_WARN_CONSTANT_CONVERSION = YES;
				CLANG_WARN_DEPRECATED_OBJC_IMPLEMENTATIONS = YES;
				CLANG_WARN_DIRECT_OBJC_ISA_USAGE = YES_ERROR;
				CLANG_WARN_DOCUMENTATION_COMMENTS = YES;
				CLANG_WARN_EMPTY_BODY = YES;
				CLANG_WARN_ENUM_CONVERSION = YES;
				CLANG_WARN_INFINITE_RECURSION = YES;
				CLANG_WARN_INT_CONVERSION = YES;
				CLANG_WARN_NON_LITERAL_NULL_CONVERSION = YES;
				CLANG_WARN_OBJC_IMPLICIT_RETAIN_SELF = YES;
				CLANG_WARN_OBJC_LITERAL_CONVERSION = YES;
				CLANG_WARN_OBJC_ROOT_CLASS = YES_ERROR;
				CLANG_WARN_RANGE_LOOP_ANALYSIS = YES;
				CLANG_WARN_STRICT_PROTOTYPES = YES;
				CLANG_WARN_SUSPICIOUS_MOVE = YES;
				CLANG_WARN_UNGUARDED_AVAILABILITY = YES_AGGRESSIVE;
				CLANG_WARN_UNREACHABLE_CODE = YES;
				CLANG_WARN__DUPLICATE_METHOD_MATCH = YES;
				CODE_SIGN_IDENTITY = "iPhone Developer";
				COPY_PHASE_STRIP = NO;
				DEBUG_INFORMATION_FORMAT = dwarf;
				ENABLE_STRICT_OBJC_MSGSEND = YES;
				ENABLE_TESTABILITY = YES;
				GCC_C_LANGUAGE_STANDARD = gnu11;
				GCC_DYNAMIC_NO_PIC = NO;
				GCC_NO_COMMON_BLOCKS = YES;
				GCC_OPTIMIZATION_LEVEL = 0;
				GCC_PREPROCESSOR_DEFINITIONS = (
					"DEBUG=1",
					"$(inherited)",
				);
				GCC_WARN_64_TO_32_BIT_CONVERSION = YES;
				GCC_WARN_ABOUT_RETURN_TYPE = YES_ERROR;
				GCC_WARN_UNDECLARED_SELECTOR = YES;
				GCC_WARN_UNINITIALIZED_AUTOS = YES_AGGRESSIVE;
				GCC_WARN_UNUSED_FUNCTION = YES;
				GCC_WARN_UNUSED_VARIABLE = YES;
				IPHONEOS_DEPLOYMENT_TARGET = 12.2;
				MTL_ENABLE_DEBUG_INFO = INCLUDE_SOURCE;
				MTL_FAST_MATH = YES;
				ONLY_ACTIVE_ARCH = YES;
				SDKROOT = iphoneos;
				SWIFT_ACTIVE_COMPILATION_CONDITIONS = DEBUG;
				SWIFT_OPTIMIZATION_LEVEL = "-Onone";
			};
			name = Debug;
		};
		3CE8B5A322D78EA300274ECB /* Release */ = {
			isa = XCBuildConfiguration;
			buildSettings = {
				ALWAYS_SEARCH_USER_PATHS = NO;
				CLANG_ANALYZER_NONNULL = YES;
				CLANG_ANALYZER_NUMBER_OBJECT_CONVERSION = YES_AGGRESSIVE;
				CLANG_CXX_LANGUAGE_STANDARD = "gnu++14";
				CLANG_CXX_LIBRARY = "libc++";
				CLANG_ENABLE_MODULES = YES;
				CLANG_ENABLE_OBJC_ARC = YES;
				CLANG_ENABLE_OBJC_WEAK = YES;
				CLANG_WARN_BLOCK_CAPTURE_AUTORELEASING = YES;
				CLANG_WARN_BOOL_CONVERSION = YES;
				CLANG_WARN_COMMA = YES;
				CLANG_WARN_CONSTANT_CONVERSION = YES;
				CLANG_WARN_DEPRECATED_OBJC_IMPLEMENTATIONS = YES;
				CLANG_WARN_DIRECT_OBJC_ISA_USAGE = YES_ERROR;
				CLANG_WARN_DOCUMENTATION_COMMENTS = YES;
				CLANG_WARN_EMPTY_BODY = YES;
				CLANG_WARN_ENUM_CONVERSION = YES;
				CLANG_WARN_INFINITE_RECURSION = YES;
				CLANG_WARN_INT_CONVERSION = YES;
				CLANG_WARN_NON_LITERAL_NULL_CONVERSION = YES;
				CLANG_WARN_OBJC_IMPLICIT_RETAIN_SELF = YES;
				CLANG_WARN_OBJC_LITERAL_CONVERSION = YES;
				CLANG_WARN_OBJC_ROOT_CLASS = YES_ERROR;
				CLANG_WARN_RANGE_LOOP_ANALYSIS = YES;
				CLANG_WARN_STRICT_PROTOTYPES = YES;
				CLANG_WARN_SUSPICIOUS_MOVE = YES;
				CLANG_WARN_UNGUARDED_AVAILABILITY = YES_AGGRESSIVE;
				CLANG_WARN_UNREACHABLE_CODE = YES;
				CLANG_WARN__DUPLICATE_METHOD_MATCH = YES;
				CODE_SIGN_IDENTITY = "iPhone Developer";
				COPY_PHASE_STRIP = NO;
				DEBUG_INFORMATION_FORMAT = "dwarf-with-dsym";
				ENABLE_NS_ASSERTIONS = NO;
				ENABLE_STRICT_OBJC_MSGSEND = YES;
				GCC_C_LANGUAGE_STANDARD = gnu11;
				GCC_NO_COMMON_BLOCKS = YES;
				GCC_WARN_64_TO_32_BIT_CONVERSION = YES;
				GCC_WARN_ABOUT_RETURN_TYPE = YES_ERROR;
				GCC_WARN_UNDECLARED_SELECTOR = YES;
				GCC_WARN_UNINITIALIZED_AUTOS = YES_AGGRESSIVE;
				GCC_WARN_UNUSED_FUNCTION = YES;
				GCC_WARN_UNUSED_VARIABLE = YES;
				IPHONEOS_DEPLOYMENT_TARGET = 12.2;
				MTL_ENABLE_DEBUG_INFO = NO;
				MTL_FAST_MATH = YES;
				SDKROOT = iphoneos;
				SWIFT_COMPILATION_MODE = wholemodule;
				SWIFT_OPTIMIZATION_LEVEL = "-O";
				VALIDATE_PRODUCT = YES;
			};
			name = Release;
		};
		3CE8B5A522D78EA300274ECB /* Debug */ = {
			isa = XCBuildConfiguration;
			buildSettings = {
				ASSETCATALOG_COMPILER_APPICON_NAME = AppIcon;
				CODE_SIGN_STYLE = Automatic;
				DEVELOPMENT_TEAM = MA869TNWTU;
				INFOPLIST_FILE = InTouch/Info.plist;
				LD_RUNPATH_SEARCH_PATHS = (
					"$(inherited)",
					"@executable_path/Frameworks",
				);
				PRODUCT_BUNDLE_IDENTIFIER = yxing.InTouch;
				PRODUCT_NAME = "$(TARGET_NAME)";
				SWIFT_VERSION = 5.0;
				TARGETED_DEVICE_FAMILY = "1,2";
			};
			name = Debug;
		};
		3CE8B5A622D78EA300274ECB /* Release */ = {
			isa = XCBuildConfiguration;
			buildSettings = {
				ASSETCATALOG_COMPILER_APPICON_NAME = AppIcon;
				CODE_SIGN_STYLE = Automatic;
				DEVELOPMENT_TEAM = MA869TNWTU;
				INFOPLIST_FILE = InTouch/Info.plist;
				LD_RUNPATH_SEARCH_PATHS = (
					"$(inherited)",
					"@executable_path/Frameworks",
				);
				PRODUCT_BUNDLE_IDENTIFIER = yxing.InTouch;
				PRODUCT_NAME = "$(TARGET_NAME)";
				SWIFT_VERSION = 5.0;
				TARGETED_DEVICE_FAMILY = "1,2";
			};
			name = Release;
		};
		3CE8B5A822D78EA300274ECB /* Debug */ = {
			isa = XCBuildConfiguration;
			buildSettings = {
				ALWAYS_EMBED_SWIFT_STANDARD_LIBRARIES = YES;
				BUNDLE_LOADER = "$(TEST_HOST)";
				CODE_SIGN_STYLE = Automatic;
				DEVELOPMENT_TEAM = MA869TNWTU;
				INFOPLIST_FILE = InTouchTests/Info.plist;
				LD_RUNPATH_SEARCH_PATHS = (
					"$(inherited)",
					"@executable_path/Frameworks",
					"@loader_path/Frameworks",
				);
				PRODUCT_BUNDLE_IDENTIFIER = yxing.InTouchTests;
				PRODUCT_NAME = "$(TARGET_NAME)";
				SWIFT_VERSION = 5.0;
				TARGETED_DEVICE_FAMILY = "1,2";
				TEST_HOST = "$(BUILT_PRODUCTS_DIR)/InTouch.app/InTouch";
			};
			name = Debug;
		};
		3CE8B5A922D78EA300274ECB /* Release */ = {
			isa = XCBuildConfiguration;
			buildSettings = {
				ALWAYS_EMBED_SWIFT_STANDARD_LIBRARIES = YES;
				BUNDLE_LOADER = "$(TEST_HOST)";
				CODE_SIGN_STYLE = Automatic;
				DEVELOPMENT_TEAM = MA869TNWTU;
				INFOPLIST_FILE = InTouchTests/Info.plist;
				LD_RUNPATH_SEARCH_PATHS = (
					"$(inherited)",
					"@executable_path/Frameworks",
					"@loader_path/Frameworks",
				);
				PRODUCT_BUNDLE_IDENTIFIER = yxing.InTouchTests;
				PRODUCT_NAME = "$(TARGET_NAME)";
				SWIFT_VERSION = 5.0;
				TARGETED_DEVICE_FAMILY = "1,2";
				TEST_HOST = "$(BUILT_PRODUCTS_DIR)/InTouch.app/InTouch";
			};
			name = Release;
		};
		3CE8B5AB22D78EA300274ECB /* Debug */ = {
			isa = XCBuildConfiguration;
			buildSettings = {
				ALWAYS_EMBED_SWIFT_STANDARD_LIBRARIES = YES;
				CODE_SIGN_STYLE = Automatic;
				DEVELOPMENT_TEAM = MA869TNWTU;
				INFOPLIST_FILE = InTouchUITests/Info.plist;
				LD_RUNPATH_SEARCH_PATHS = (
					"$(inherited)",
					"@executable_path/Frameworks",
					"@loader_path/Frameworks",
				);
				PRODUCT_BUNDLE_IDENTIFIER = yxing.InTouchUITests;
				PRODUCT_NAME = "$(TARGET_NAME)";
				SWIFT_VERSION = 5.0;
				TARGETED_DEVICE_FAMILY = "1,2";
				TEST_TARGET_NAME = InTouch;
			};
			name = Debug;
		};
		3CE8B5AC22D78EA300274ECB /* Release */ = {
			isa = XCBuildConfiguration;
			buildSettings = {
				ALWAYS_EMBED_SWIFT_STANDARD_LIBRARIES = YES;
				CODE_SIGN_STYLE = Automatic;
				DEVELOPMENT_TEAM = MA869TNWTU;
				INFOPLIST_FILE = InTouchUITests/Info.plist;
				LD_RUNPATH_SEARCH_PATHS = (
					"$(inherited)",
					"@executable_path/Frameworks",
					"@loader_path/Frameworks",
				);
				PRODUCT_BUNDLE_IDENTIFIER = yxing.InTouchUITests;
				PRODUCT_NAME = "$(TARGET_NAME)";
				SWIFT_VERSION = 5.0;
				TARGETED_DEVICE_FAMILY = "1,2";
				TEST_TARGET_NAME = InTouch;
			};
			name = Release;
		};
/* End XCBuildConfiguration section */

/* Begin XCConfigurationList section */
		3CE8B57722D78EA100274ECB /* Build configuration list for PBXProject "InTouch" */ = {
			isa = XCConfigurationList;
			buildConfigurations = (
				3CE8B5A222D78EA300274ECB /* Debug */,
				3CE8B5A322D78EA300274ECB /* Release */,
			);
			defaultConfigurationIsVisible = 0;
			defaultConfigurationName = Release;
		};
		3CE8B5A422D78EA300274ECB /* Build configuration list for PBXNativeTarget "InTouch" */ = {
			isa = XCConfigurationList;
			buildConfigurations = (
				3CE8B5A522D78EA300274ECB /* Debug */,
				3CE8B5A622D78EA300274ECB /* Release */,
			);
			defaultConfigurationIsVisible = 0;
			defaultConfigurationName = Release;
		};
		3CE8B5A722D78EA300274ECB /* Build configuration list for PBXNativeTarget "InTouchTests" */ = {
			isa = XCConfigurationList;
			buildConfigurations = (
				3CE8B5A822D78EA300274ECB /* Debug */,
				3CE8B5A922D78EA300274ECB /* Release */,
			);
			defaultConfigurationIsVisible = 0;
			defaultConfigurationName = Release;
		};
		3CE8B5AA22D78EA300274ECB /* Build configuration list for PBXNativeTarget "InTouchUITests" */ = {
			isa = XCConfigurationList;
			buildConfigurations = (
				3CE8B5AB22D78EA300274ECB /* Debug */,
				3CE8B5AC22D78EA300274ECB /* Release */,
			);
			defaultConfigurationIsVisible = 0;
			defaultConfigurationName = Release;
		};
/* End XCConfigurationList section */
	};
	rootObject = 3CE8B57422D78EA100274ECB /* Project object */;
}
